
Microsoft Visual Studio Solution File, Format Version 11.00
# Visual Studio 2010
Project("{8BC9CEB8-8B4A-11D0-8D11-00A0C91BC942}") = "DataLearnLab", "DataLearnLab\DataLearnLab.vcxproj", "{F5748E6F-BB09-49A0-89BA-B9EFF0BE9A87}"
EndProject
Global
	GlobalSection(SolutionConfigurationPlatforms) = preSolution
		Debug|Win32 = Debug|Win32
		Release|Win32 = Release|Win32
	EndGlobalSection
	GlobalSection(ProjectConfigurationPlatforms) = postSolution
		{F5748E6F-BB09-49A0-89BA-B9EFF0BE9A87}.Debug|Win32.ActiveCfg = Debug|Win32
		{F5748E6F-BB09-49A0-89BA-B9EFF0BE9A87}.Debug|Win32.Build.0 = Debug|Win32
		{F5748E6F-BB09-49A0-89BA-B9EFF0BE9A87}.Release|Win32.ActiveCfg = Release|Win32
		{F5748E6F-BB09-49A0-89BA-B9EFF0BE9A87}.Release|Win32.Build.0 = Release|Win32
	EndGlobalSection
	GlobalSection(SolutionProperties) = preSolution
		HideSolutionNode = FALSE
	EndGlobalSection
EndGlobal
